PODS:
  - iOSSnapshotTestCase (3.0.0):
    - iOSSnapshotTestCase/SwiftSupport (= 3.0.0)
  - iOSSnapshotTestCase/Core (3.0.0)
  - iOSSnapshotTestCase/SwiftSupport (3.0.0):
    - iOSSnapshotTestCase/Core

DEPENDENCIES:
  - iOSSnapshotTestCase (~> 3.0)

SPEC REPOS:
  https://github.com/cocoapods/specs.git:
    - iOSSnapshotTestCase

SPEC CHECKSUMS:
  iOSSnapshotTestCase: 23984ffe05289728d646cbb6a7a10b4fb1c93440

PODFILE CHECKSUM: f73e26dee263a723675f8e11e30f54b0ce7b7620

COCOAPODS: 1.5.3
