PODS:
  - iOSSnapshotTestCase (3.0.0):
    - iOSSnapshotTestCase/SwiftSupport (= 3.0.0)
  - iOSSnapshotTestCase/Core (3.0.0)
  - iOSSnapshotTestCase/SwiftSupport (3.0.0):
    - iOSSnapshotTestCase/Core
  - SnappyTestCase (0.1.0):
    - iOSSnapshotTestCase (~> 3.0)

DEPENDENCIES:
  - SnappyTestCase (from `..`)

SPEC REPOS:
  https://github.com/cocoapods/specs.git:
    - iOSSnapshotTestCase

EXTERNAL SOURCES:
  SnappyTestCase:
    :path: ".."

SPEC CHECKSUMS:
  iOSSnapshotTestCase: 23984ffe05289728d646cbb6a7a10b4fb1c93440
  SnappyTestCase: 578d973bbb04ae07ceabe7b24b837174ed0f9ad1

PODFILE CHECKSUM: 183fb71d419f5dcee336b8e5c495fef9af6abfc2

COCOAPODS: 1.5.3
