PODS:
  - iOSSnapshotTestCase (6.0.0):
    - iOSSnapshotTestCase/SwiftSupport (= 6.0.0)
  - iOSSnapshotTestCase/Core (6.0.0)
  - iOSSnapshotTestCase/SwiftSupport (6.0.0):
    - iOSSnapshotTestCase/Core
  - SnappyTestCase (0.1.0):
    - iOSSnapshotTestCase (~> 6.0)

DEPENDENCIES:
  - SnappyTestCase (from `..`)

SPEC REPOS:
  https://github.com/cocoapods/specs.git:
    - iOSSnapshotTestCase

EXTERNAL SOURCES:
  SnappyTestCase:
    :path: ".."

SPEC CHECKSUMS:
  iOSSnapshotTestCase: f592adfdedffe6113a55528ce698ccc457a550f1
  SnappyTestCase: ac7125d61d978a1f0cb14dee6054e22787b8f218

PODFILE CHECKSUM: 54b3bd0e2c4091297d6059011c7aa2666a27b0bb

COCOAPODS: 1.5.3
