PODS:
  - iOSSnapshotTestCase (4.0.1):
    - iOSSnapshotTestCase/SwiftSupport (= 4.0.1)
  - iOSSnapshotTestCase/Core (4.0.1)
  - iOSSnapshotTestCase/SwiftSupport (4.0.1):
    - iOSSnapshotTestCase/Core
  - SnappyTestCase (0.1.0):
    - iOSSnapshotTestCase (~> 4.0)

DEPENDENCIES:
  - SnappyTestCase (from `..`)

SPEC REPOS:
  https://github.com/cocoapods/specs.git:
    - iOSSnapshotTestCase

EXTERNAL SOURCES:
  SnappyTestCase:
    :path: ".."

SPEC CHECKSUMS:
  iOSSnapshotTestCase: f3b2b7e606fe03fdbe49af84316bd235df32dc44
  SnappyTestCase: 7b858ae3019762f7f639a3355a17beeda648848c

PODFILE CHECKSUM: 183fb71d419f5dcee336b8e5c495fef9af6abfc2

COCOAPODS: 1.5.3
